
Microsoft Visual Studio Solution File, Format Version 12.00
# Visual Studio 15
VisualStudioVersion = 15.0.28307.102
MinimumVisualStudioVersion = 10.0.40219.1
Project("{FAE04EC0-301F-11D3-BF4B-00C04F79EFBC}") = "LinkedList", "LinkedList\LinkedList.csproj", "{2A9F18C0-119E-4A2A-9228-BAC63A5D8FBA}"
EndProject
Global
	GlobalSection(SolutionConfigurationPlatforms) = preSolution
		Debug|Any CPU = Debug|Any CPU
		Release|Any CPU = Release|Any CPU
	EndGlobalSection
	GlobalSection(ProjectConfigurationPlatforms) = postSolution
		{2A9F18C0-119E-4A2A-9228-BAC63A5D8FBA}.Debug|Any CPU.ActiveCfg = Debug|Any CPU
		{2A9F18C0-119E-4A2A-9228-BAC63A5D8FBA}.Debug|Any CPU.Build.0 = Debug|Any CPU
		{2A9F18C0-119E-4A2A-9228-BAC63A5D8FBA}.Release|Any CPU.ActiveCfg = Release|Any CPU
		{2A9F18C0-119E-4A2A-9228-BAC63A5D8FBA}.Release|Any CPU.Build.0 = Release|Any CPU
	EndGlobalSection
	GlobalSection(SolutionProperties) = preSolution
		HideSolutionNode = FALSE
	EndGlobalSection
	GlobalSection(ExtensibilityGlobals) = postSolution
		SolutionGuid = {9C4DF41E-E7CA-4E55-9EA9-B6A584771421}
	EndGlobalSection
EndGlobal
